// !$*UTF8*$!
{
	archiveVersion = 1;
	classes = {
	};
	objectVersion = 46;
	objects = {

/* Begin PBXBuildFile section */
		B572E3211D0F48FA00EE9853 /* AppDelegate.swift in Sources */ = {isa = PBXBuildFile; fileRef = B572E3201D0F48FA00EE9853 /* AppDelegate.swift */; };
		B572E3251D0F48FA00EE9853 /* GameScene.swift in Sources */ = {isa = PBXBuildFile; fileRef = B572E3241D0F48FA00EE9853 /* GameScene.swift */; };
		B572E3271D0F48FA00EE9853 /* GameViewController.swift in Sources */ = {isa = PBXBuildFile; fileRef = B572E3261D0F48FA00EE9853 /* GameViewController.swift */; };
		B572E32A1D0F48FA00EE9853 /* Main.storyboard in Resources */ = {isa = PBXBuildFile; fileRef = B572E3281D0F48FA00EE9853 /* Main.storyboard */; };
		B572E32C1D0F48FA00EE9853 /* Assets.xcassets in Resources */ = {isa = PBXBuildFile; fileRef = B572E32B1D0F48FA00EE9853 /* Assets.xcassets */; };
		B572E32F1D0F48FA00EE9853 /* LaunchScreen.storyboard in Resources */ = {isa = PBXBuildFile; fileRef = B572E32D1D0F48FA00EE9853 /* LaunchScreen.storyboard */; };
		B572E33A1D0F48FA00EE9853 /* PeevedPenguinsTests.swift in Sources */ = {isa = PBXBuildFile; fileRef = B572E3391D0F48FA00EE9853 /* PeevedPenguinsTests.swift */; };
		B572E3451D0F48FA00EE9853 /* PeevedPenguinsUITests.swift in Sources */ = {isa = PBXBuildFile; fileRef = B572E3441D0F48FA00EE9853 /* PeevedPenguinsUITests.swift */; };
		B572E3531D0F4BD000EE9853 /* assets.atlas in Resources */ = {isa = PBXBuildFile; fileRef = B572E3521D0F4BD000EE9853 /* assets.atlas */; };
		B572E35D1D0F5AF500EE9853 /* Bear.sks in Resources */ = {isa = PBXBuildFile; fileRef = B572E35C1D0F5AF500EE9853 /* Bear.sks */; };
		B572E35F1D0F5B7800EE9853 /* CharacterActions.sks in Resources */ = {isa = PBXBuildFile; fileRef = B572E35E1D0F5B7800EE9853 /* CharacterActions.sks */; };
		B572E3611D0F5E5E00EE9853 /* Penguin.sks in Resources */ = {isa = PBXBuildFile; fileRef = B572E3601D0F5E5E00EE9853 /* Penguin.sks */; };
		B572E3631D0F5F2A00EE9853 /* MSReferenceNode.swift in Sources */ = {isa = PBXBuildFile; fileRef = B572E3621D0F5F2A00EE9853 /* MSReferenceNode.swift */; };
		B57395B21D0F696200D99D68 /* Seal.sks in Resources */ = {isa = PBXBuildFile; fileRef = B57395B11D0F696200D99D68 /* Seal.sks */; };
		B57395B51D0F6B2C00D99D68 /* MainMenu.sks in Resources */ = {isa = PBXBuildFile; fileRef = B57395B41D0F6B2C00D99D68 /* MainMenu.sks */; };
		B57395B71D0F6E9000D99D68 /* MSButtonNode.swift in Sources */ = {isa = PBXBuildFile; fileRef = B57395B61D0F6E9000D99D68 /* MSButtonNode.swift */; };
		B57395B91D0F715900D99D68 /* MainMenu.swift in Sources */ = {isa = PBXBuildFile; fileRef = B57395B81D0F715900D99D68 /* MainMenu.swift */; };
		B5F992B41D0FB1CD002A743D /* GameScene.sks in Resources */ = {isa = PBXBuildFile; fileRef = B5F992B31D0FB1CD002A743D /* GameScene.sks */; };
		B5F992B71D0FE071002A743D /* Level1.sks in Resources */ = {isa = PBXBuildFile; fileRef = B5F992B61D0FE071002A743D /* Level1.sks */; };
		B5F992DC1D0FE5F6002A743D /* CGFloat+Extensions.swift in Sources */ = {isa = PBXBuildFile; fileRef = B5F992D01D0FE5F6002A743D /* CGFloat+Extensions.swift */; };
		B5F992DD1D0FE5F6002A743D /* CGPoint+Extensions.swift in Sources */ = {isa = PBXBuildFile; fileRef = B5F992D11D0FE5F6002A743D /* CGPoint+Extensions.swift */; };
		B5F992DE1D0FE5F6002A743D /* CGVector+Extensions.swift in Sources */ = {isa = PBXBuildFile; fileRef = B5F992D21D0FE5F6002A743D /* CGVector+Extensions.swift */; };
		B5F992DF1D0FE5F6002A743D /* Int+Extensions.swift in Sources */ = {isa = PBXBuildFile; fileRef = B5F992D31D0FE5F6002A743D /* Int+Extensions.swift */; };
		B5F992E01D0FE5F6002A743D /* SKAction+Extensions.swift in Sources */ = {isa = PBXBuildFile; fileRef = B5F992D41D0FE5F6002A743D /* SKAction+Extensions.swift */; };
		B5F992E11D0FE5F6002A743D /* SKAction+SpecialEffects.swift in Sources */ = {isa = PBXBuildFile; fileRef = B5F992D51D0FE5F6002A743D /* SKAction+SpecialEffects.swift */; };
		B5F992E21D0FE5F6002A743D /* SKColor+Extensions.swift in Sources */ = {isa = PBXBuildFile; fileRef = B5F992D61D0FE5F6002A743D /* SKColor+Extensions.swift */; };
		B5F992E31D0FE5F6002A743D /* SKNode+Extensions.swift in Sources */ = {isa = PBXBuildFile; fileRef = B5F992D71D0FE5F6002A743D /* SKNode+Extensions.swift */; };
		B5F992E41D0FE5F6002A743D /* SKTAudio.swift in Sources */ = {isa = PBXBuildFile; fileRef = B5F992D81D0FE5F6002A743D /* SKTAudio.swift */; };
		B5F992E51D0FE5F6002A743D /* SKTEffects.swift in Sources */ = {isa = PBXBuildFile; fileRef = B5F992D91D0FE5F6002A743D /* SKTEffects.swift */; };
		B5F992E61D0FE5F6002A743D /* SKTTimingFunctions.swift in Sources */ = {isa = PBXBuildFile; fileRef = B5F992DA1D0FE5F6002A743D /* SKTTimingFunctions.swift */; };
		B5F992E71D0FE5F6002A743D /* Vector3.swift in Sources */ = {isa = PBXBuildFile; fileRef = B5F992DB1D0FE5F6002A743D /* Vector3.swift */; };
/* End PBXBuildFile section */

/* Begin PBXContainerItemProxy section */
		B572E3361D0F48FA00EE9853 /* PBXContainerItemProxy */ = {
			isa = PBXContainerItemProxy;
			containerPortal = B572E3151D0F48FA00EE9853 /* Project object */;
			proxyType = 1;
			remoteGlobalIDString = B572E31C1D0F48FA00EE9853;
			remoteInfo = PeevedPenguins;
		};
		B572E3411D0F48FA00EE9853 /* PBXContainerItemProxy */ = {
			isa = PBXContainerItemProxy;
			containerPortal = B572E3151D0F48FA00EE9853 /* Project object */;
			proxyType = 1;
			remoteGlobalIDString = B572E31C1D0F48FA00EE9853;
			remoteInfo = PeevedPenguins;
		};
/* End PBXContainerItemProxy section */

/* Begin PBXFileReference section */
		B572E31D1D0F48FA00EE9853 /* PeevedPenguins.app */ = {isa = PBXFileReference; explicitFileType = wrapper.application; includeInIndex = 0; path = PeevedPenguins.app; sourceTree = BUILT_PRODUCTS_DIR; };
		B572E3201D0F48FA00EE9853 /* AppDelegate.swift */ = {isa = PBXFileReference; lastKnownFileType = sourcecode.swift; path = AppDelegate.swift; sourceTree = "<group>"; };
		B572E3241D0F48FA00EE9853 /* GameScene.swift */ = {isa = PBXFileReference; lastKnownFileType = sourcecode.swift; path = GameScene.swift; sourceTree = "<group>"; };
		B572E3261D0F48FA00EE9853 /* GameViewController.swift */ = {isa = PBXFileReference; lastKnownFileType = sourcecode.swift; path = GameViewController.swift; sourceTree = "<group>"; };
		B572E3291D0F48FA00EE9853 /* Base */ = {isa = PBXFileReference; lastKnownFileType = file.storyboard; name = Base; path = Base.lproj/Main.storyboard; sourceTree = "<group>"; };
		B572E32B1D0F48FA00EE9853 /* Assets.xcassets */ = {isa = PBXFileReference; lastKnownFileType = folder.assetcatalog; path = Assets.xcassets; sourceTree = "<group>"; };
		B572E32E1D0F48FA00EE9853 /* Base */ = {isa = PBXFileReference; lastKnownFileType = file.storyboard; name = Base; path = Base.lproj/LaunchScreen.storyboard; sourceTree = "<group>"; };
		B572E3301D0F48FA00EE9853 /* Info.plist */ = {isa = PBXFileReference; lastKnownFileType = text.plist.xml; path = Info.plist; sourceTree = "<group>"; };
		B572E3351D0F48FA00EE9853 /* PeevedPenguinsTests.xctest */ = {isa = PBXFileReference; explicitFileType = wrapper.cfbundle; includeInIndex = 0; path = PeevedPenguinsTests.xctest; sourceTree = BUILT_PRODUCTS_DIR; };
		B572E3391D0F48FA00EE9853 /* PeevedPenguinsTests.swift */ = {isa = PBXFileReference; lastKnownFileType = sourcecode.swift; path = PeevedPenguinsTests.swift; sourceTree = "<group>"; };
		B572E33B1D0F48FA00EE9853 /* Info.plist */ = {isa = PBXFileReference; lastKnownFileType = text.plist.xml; path = Info.plist; sourceTree = "<group>"; };
		B572E3401D0F48FA00EE9853 /* PeevedPenguinsUITests.xctest */ = {isa = PBXFileReference; explicitFileType = wrapper.cfbundle; includeInIndex = 0; path = PeevedPenguinsUITests.xctest; sourceTree = BUILT_PRODUCTS_DIR; };
		B572E3441D0F48FA00EE9853 /* PeevedPenguinsUITests.swift */ = {isa = PBXFileReference; lastKnownFileType = sourcecode.swift; path = PeevedPenguinsUITests.swift; sourceTree = "<group>"; };
		B572E3461D0F48FA00EE9853 /* Info.plist */ = {isa = PBXFileReference; lastKnownFileType = text.plist.xml; path = Info.plist; sourceTree = "<group>"; };
		B572E3521D0F4BD000EE9853 /* assets.atlas */ = {isa = PBXFileReference; lastKnownFileType = folder.skatlas; path = assets.atlas; sourceTree = "<group>"; };
		B572E35C1D0F5AF500EE9853 /* Bear.sks */ = {isa = PBXFileReference; lastKnownFileType = file.sks; path = Bear.sks; sourceTree = "<group>"; };
		B572E35E1D0F5B7800EE9853 /* CharacterActions.sks */ = {isa = PBXFileReference; lastKnownFileType = file.sks; name = CharacterActions.sks; path = ../CharacterActions.sks; sourceTree = "<group>"; };
		B572E3601D0F5E5E00EE9853 /* Penguin.sks */ = {isa = PBXFileReference; lastKnownFileType = file.sks; path = Penguin.sks; sourceTree = "<group>"; };
		B572E3621D0F5F2A00EE9853 /* MSReferenceNode.swift */ = {isa = PBXFileReference; fileEncoding = 4; lastKnownFileType = sourcecode.swift; path = MSReferenceNode.swift; sourceTree = "<group>"; };
		B57395B11D0F696200D99D68 /* Seal.sks */ = {isa = PBXFileReference; lastKnownFileType = file.sks; path = Seal.sks; sourceTree = "<group>"; };
		B57395B41D0F6B2C00D99D68 /* MainMenu.sks */ = {isa = PBXFileReference; lastKnownFileType = file.sks; path = MainMenu.sks; sourceTree = "<group>"; };
		B57395B61D0F6E9000D99D68 /* MSButtonNode.swift */ = {isa = PBXFileReference; fileEncoding = 4; lastKnownFileType = sourcecode.swift; path = MSButtonNode.swift; sourceTree = "<group>"; };
		B57395B81D0F715900D99D68 /* MainMenu.swift */ = {isa = PBXFileReference; fileEncoding = 4; lastKnownFileType = sourcecode.swift; path = MainMenu.swift; sourceTree = "<group>"; };
		B5F992B31D0FB1CD002A743D /* GameScene.sks */ = {isa = PBXFileReference; lastKnownFileType = file.sks; path = GameScene.sks; sourceTree = "<group>"; };
		B5F992B61D0FE071002A743D /* Level1.sks */ = {isa = PBXFileReference; lastKnownFileType = file.sks; path = Level1.sks; sourceTree = "<group>"; };
		B5F992D01D0FE5F6002A743D /* CGFloat+Extensions.swift */ = {isa = PBXFileReference; fileEncoding = 4; lastKnownFileType = sourcecode.swift; path = "CGFloat+Extensions.swift"; sourceTree = "<group>"; };
		B5F992D11D0FE5F6002A743D /* CGPoint+Extensions.swift */ = {isa = PBXFileReference; fileEncoding = 4; lastKnownFileType = sourcecode.swift; path = "CGPoint+Extensions.swift"; sourceTree = "<group>"; };
		B5F992D21D0FE5F6002A743D /* CGVector+Extensions.swift */ = {isa = PBXFileReference; fileEncoding = 4; lastKnownFileType = sourcecode.swift; path = "CGVector+Extensions.swift"; sourceTree = "<group>"; };
		B5F992D31D0FE5F6002A743D /* Int+Extensions.swift */ = {isa = PBXFileReference; fileEncoding = 4; lastKnownFileType = sourcecode.swift; path = "Int+Extensions.swift"; sourceTree = "<group>"; };
		B5F992D41D0FE5F6002A743D /* SKAction+Extensions.swift */ = {isa = PBXFileReference; fileEncoding = 4; lastKnownFileType = sourcecode.swift; path = "SKAction+Extensions.swift"; sourceTree = "<group>"; };
		B5F992D51D0FE5F6002A743D /* SKAction+SpecialEffects.swift */ = {isa = PBXFileReference; fileEncoding = 4; lastKnownFileType = sourcecode.swift; path = "SKAction+SpecialEffects.swift"; sourceTree = "<group>"; };
		B5F992D61D0FE5F6002A743D /* SKColor+Extensions.swift */ = {isa = PBXFileReference; fileEncoding = 4; lastKnownFileType = sourcecode.swift; path = "SKColor+Extensions.swift"; sourceTree = "<group>"; };
		B5F992D71D0FE5F6002A743D /* SKNode+Extensions.swift */ = {isa = PBXFileReference; fileEncoding = 4; lastKnownFileType = sourcecode.swift; path = "SKNode+Extensions.swift"; sourceTree = "<group>"; };
		B5F992D81D0FE5F6002A743D /* SKTAudio.swift */ = {isa = PBXFileReference; fileEncoding = 4; lastKnownFileType = sourcecode.swift; path = SKTAudio.swift; sourceTree = "<group>"; };
		B5F992D91D0FE5F6002A743D /* SKTEffects.swift */ = {isa = PBXFileReference; fileEncoding = 4; lastKnownFileType = sourcecode.swift; path = SKTEffects.swift; sourceTree = "<group>"; };
		B5F992DA1D0FE5F6002A743D /* SKTTimingFunctions.swift */ = {isa = PBXFileReference; fileEncoding = 4; lastKnownFileType = sourcecode.swift; path = SKTTimingFunctions.swift; sourceTree = "<group>"; };
		B5F992DB1D0FE5F6002A743D /* Vector3.swift */ = {isa = PBXFileReference; fileEncoding = 4; lastKnownFileType = sourcecode.swift; path = Vector3.swift; sourceTree = "<group>"; };
/* End PBXFileReference section */

/* Begin PBXFrameworksBuildPhase section */
		B572E31A1D0F48FA00EE9853 /* Frameworks */ = {
			isa = PBXFrameworksBuildPhase;
			buildActionMask = 2147483647;
			files = (
			);
			runOnlyForDeploymentPostprocessing = 0;
		};
		B572E3321D0F48FA00EE9853 /* Frameworks */ = {
			isa = PBXFrameworksBuildPhase;
			buildActionMask = 2147483647;
			files = (
			);
			runOnlyForDeploymentPostprocessing = 0;
		};
		B572E33D1D0F48FA00EE9853 /* Frameworks */ = {
			isa = PBXFrameworksBuildPhase;
			buildActionMask = 2147483647;
			files = (
			);
			runOnlyForDeploymentPostprocessing = 0;
		};
/* End PBXFrameworksBuildPhase section */

/* Begin PBXGroup section */
		B572E3141D0F48FA00EE9853 = {
			isa = PBXGroup;
			children = (
				B572E31F1D0F48FA00EE9853 /* PeevedPenguins */,
				B572E3381D0F48FA00EE9853 /* PeevedPenguinsTests */,
				B572E3431D0F48FA00EE9853 /* PeevedPenguinsUITests */,
				B572E31E1D0F48FA00EE9853 /* Products */,
			);
			sourceTree = "<group>";
		};
		B572E31E1D0F48FA00EE9853 /* Products */ = {
			isa = PBXGroup;
			children = (
				B572E31D1D0F48FA00EE9853 /* PeevedPenguins.app */,
				B572E3351D0F48FA00EE9853 /* PeevedPenguinsTests.xctest */,
				B572E3401D0F48FA00EE9853 /* PeevedPenguinsUITests.xctest */,
			);
			name = Products;
			sourceTree = "<group>";
		};
		B572E31F1D0F48FA00EE9853 /* PeevedPenguins */ = {
			isa = PBXGroup;
			children = (
				B5F992B51D0FE058002A743D /* Levels */,
				B572E35E1D0F5B7800EE9853 /* CharacterActions.sks */,
				B57395B41D0F6B2C00D99D68 /* MainMenu.sks */,
				B57395B61D0F6E9000D99D68 /* MSButtonNode.swift */,
				B57395B31D0F6A0C00D99D68 /* Characters */,
				B572E3621D0F5F2A00EE9853 /* MSReferenceNode.swift */,
				B572E3201D0F48FA00EE9853 /* AppDelegate.swift */,
				B572E3241D0F48FA00EE9853 /* GameScene.swift */,
				B5F992B31D0FB1CD002A743D /* GameScene.sks */,
				B572E3261D0F48FA00EE9853 /* GameViewController.swift */,
				B57395B81D0F715900D99D68 /* MainMenu.swift */,
				B572E3281D0F48FA00EE9853 /* Main.storyboard */,
				B5F992E81D0FE621002A743D /* SKUtils */,
				B572E32B1D0F48FA00EE9853 /* Assets.xcassets */,
				B572E3521D0F4BD000EE9853 /* assets.atlas */,
				B572E32D1D0F48FA00EE9853 /* LaunchScreen.storyboard */,
				B572E3301D0F48FA00EE9853 /* Info.plist */,
			);
			path = PeevedPenguins;
			sourceTree = "<group>";
		};
		B572E3381D0F48FA00EE9853 /* PeevedPenguinsTests */ = {
			isa = PBXGroup;
			children = (
				B572E3391D0F48FA00EE9853 /* PeevedPenguinsTests.swift */,
				B572E33B1D0F48FA00EE9853 /* Info.plist */,
			);
			path = PeevedPenguinsTests;
			sourceTree = "<group>";
		};
		B572E3431D0F48FA00EE9853 /* PeevedPenguinsUITests */ = {
			isa = PBXGroup;
			children = (
				B572E3441D0F48FA00EE9853 /* PeevedPenguinsUITests.swift */,
				B572E3461D0F48FA00EE9853 /* Info.plist */,
			);
			path = PeevedPenguinsUITests;
			sourceTree = "<group>";
		};
		B57395B31D0F6A0C00D99D68 /* Characters */ = {
			isa = PBXGroup;
			children = (
				B572E35C1D0F5AF500EE9853 /* Bear.sks */,
				B572E3601D0F5E5E00EE9853 /* Penguin.sks */,
				B57395B11D0F696200D99D68 /* Seal.sks */,
			);
			name = Characters;
			sourceTree = "<group>";
		};
		B5F992B51D0FE058002A743D /* Levels */ = {
			isa = PBXGroup;
			children = (
				B5F992B61D0FE071002A743D /* Level1.sks */,
			);
			name = Levels;
			sourceTree = "<group>";
		};
		B5F992E81D0FE621002A743D /* SKUtils */ = {
			isa = PBXGroup;
			children = (
				B5F992D01D0FE5F6002A743D /* CGFloat+Extensions.swift */,
				B5F992D11D0FE5F6002A743D /* CGPoint+Extensions.swift */,
				B5F992D21D0FE5F6002A743D /* CGVector+Extensions.swift */,
				B5F992D31D0FE5F6002A743D /* Int+Extensions.swift */,
				B5F992D41D0FE5F6002A743D /* SKAction+Extensions.swift */,
				B5F992D51D0FE5F6002A743D /* SKAction+SpecialEffects.swift */,
				B5F992D61D0FE5F6002A743D /* SKColor+Extensions.swift */,
				B5F992D71D0FE5F6002A743D /* SKNode+Extensions.swift */,
				B5F992D81D0FE5F6002A743D /* SKTAudio.swift */,
				B5F992D91D0FE5F6002A743D /* SKTEffects.swift */,
				B5F992DA1D0FE5F6002A743D /* SKTTimingFunctions.swift */,
				B5F992DB1D0FE5F6002A743D /* Vector3.swift */,
			);
			name = SKUtils;
			sourceTree = "<group>";
		};
/* End PBXGroup section */

/* Begin PBXNativeTarget section */
		B572E31C1D0F48FA00EE9853 /* PeevedPenguins */ = {
			isa = PBXNativeTarget;
			buildConfigurationList = B572E3491D0F48FA00EE9853 /* Build configuration list for PBXNativeTarget "PeevedPenguins" */;
			buildPhases = (
				B572E3191D0F48FA00EE9853 /* Sources */,
				B572E31A1D0F48FA00EE9853 /* Frameworks */,
				B572E31B1D0F48FA00EE9853 /* Resources */,
			);
			buildRules = (
			);
			dependencies = (
			);
			name = PeevedPenguins;
			productName = PeevedPenguins;
			productReference = B572E31D1D0F48FA00EE9853 /* PeevedPenguins.app */;
			productType = "com.apple.product-type.application";
		};
		B572E3341D0F48FA00EE9853 /* PeevedPenguinsTests */ = {
			isa = PBXNativeTarget;
			buildConfigurationList = B572E34C1D0F48FA00EE9853 /* Build configuration list for PBXNativeTarget "PeevedPenguinsTests" */;
			buildPhases = (
				B572E3311D0F48FA00EE9853 /* Sources */,
				B572E3321D0F48FA00EE9853 /* Frameworks */,
				B572E3331D0F48FA00EE9853 /* Resources */,
			);
			buildRules = (
			);
			dependencies = (
				B572E3371D0F48FA00EE9853 /* PBXTargetDependency */,
			);
			name = PeevedPenguinsTests;
			productName = PeevedPenguinsTests;
			productReference = B572E3351D0F48FA00EE9853 /* PeevedPenguinsTests.xctest */;
			productType = "com.apple.product-type.bundle.unit-test";
		};
		B572E33F1D0F48FA00EE9853 /* PeevedPenguinsUITests */ = {
			isa = PBXNativeTarget;
			buildConfigurationList = B572E34F1D0F48FA00EE9853 /* Build configuration list for PBXNativeTarget "PeevedPenguinsUITests" */;
			buildPhases = (
				B572E33C1D0F48FA00EE9853 /* Sources */,
				B572E33D1D0F48FA00EE9853 /* Frameworks */,
				B572E33E1D0F48FA00EE9853 /* Resources */,
			);
			buildRules = (
			);
			dependencies = (
				B572E3421D0F48FA00EE9853 /* PBXTargetDependency */,
			);
			name = PeevedPenguinsUITests;
			productName = PeevedPenguinsUITests;
			productReference = B572E3401D0F48FA00EE9853 /* PeevedPenguinsUITests.xctest */;
			productType = "com.apple.product-type.bundle.ui-testing";
		};
/* End PBXNativeTarget section */

/* Begin PBXProject section */
		B572E3151D0F48FA00EE9853 /* Project object */ = {
			isa = PBXProject;
			attributes = {
				LastSwiftUpdateCheck = 0730;
				LastUpgradeCheck = 0730;
				ORGANIZATIONNAME = davichaves;
				TargetAttributes = {
					B572E31C1D0F48FA00EE9853 = {
						CreatedOnToolsVersion = 7.3.1;
					};
					B572E3341D0F48FA00EE9853 = {
						CreatedOnToolsVersion = 7.3.1;
						TestTargetID = B572E31C1D0F48FA00EE9853;
					};
					B572E33F1D0F48FA00EE9853 = {
						CreatedOnToolsVersion = 7.3.1;
						TestTargetID = B572E31C1D0F48FA00EE9853;
					};
				};
			};
			buildConfigurationList = B572E3181D0F48FA00EE9853 /* Build configuration list for PBXProject "PeevedPenguins" */;
			compatibilityVersion = "Xcode 3.2";
			developmentRegion = English;
			hasScannedForEncodings = 0;
			knownRegions = (
				en,
				Base,
			);
			mainGroup = B572E3141D0F48FA00EE9853;
			productRefGroup = B572E31E1D0F48FA00EE9853 /* Products */;
			projectDirPath = "";
			projectRoot = "";
			targets = (
				B572E31C1D0F48FA00EE9853 /* PeevedPenguins */,
				B572E3341D0F48FA00EE9853 /* PeevedPenguinsTests */,
				B572E33F1D0F48FA00EE9853 /* PeevedPenguinsUITests */,
			);
		};
/* End PBXProject section */

/* Begin PBXResourcesBuildPhase section */
		B572E31B1D0F48FA00EE9853 /* Resources */ = {
			isa = PBXResourcesBuildPhase;
			buildActionMask = 2147483647;
			files = (
				B57395B21D0F696200D99D68 /* Seal.sks in Resources */,
				B572E3611D0F5E5E00EE9853 /* Penguin.sks in Resources */,
				B5F992B71D0FE071002A743D /* Level1.sks in Resources */,
				B57395B51D0F6B2C00D99D68 /* MainMenu.sks in Resources */,
				B5F992B41D0FB1CD002A743D /* GameScene.sks in Resources */,
				B572E32F1D0F48FA00EE9853 /* LaunchScreen.storyboard in Resources */,
				B572E32C1D0F48FA00EE9853 /* Assets.xcassets in Resources */,
				B572E35D1D0F5AF500EE9853 /* Bear.sks in Resources */,
				B572E3531D0F4BD000EE9853 /* assets.atlas in Resources */,
				B572E32A1D0F48FA00EE9853 /* Main.storyboard in Resources */,
				B572E35F1D0F5B7800EE9853 /* CharacterActions.sks in Resources */,
			);
			runOnlyForDeploymentPostprocessing = 0;
		};
		B572E3331D0F48FA00EE9853 /* Resources */ = {
			isa = PBXResourcesBuildPhase;
			buildActionMask = 2147483647;
			files = (
			);
			runOnlyForDeploymentPostprocessing = 0;
		};
		B572E33E1D0F48FA00EE9853 /* Resources */ = {
			isa = PBXResourcesBuildPhase;
			buildActionMask = 2147483647;
			files = (
			);
			runOnlyForDeploymentPostprocessing = 0;
		};
/* End PBXResourcesBuildPhase section */

/* Begin PBXSourcesBuildPhase section */
		B572E3191D0F48FA00EE9853 /* Sources */ = {
			isa = PBXSourcesBuildPhase;
			buildActionMask = 2147483647;
			files = (
				B572E3251D0F48FA00EE9853 /* GameScene.swift in Sources */,
				B5F992E61D0FE5F6002A743D /* SKTTimingFunctions.swift in Sources */,
				B57395B91D0F715900D99D68 /* MainMenu.swift in Sources */,
				B5F992DE1D0FE5F6002A743D /* CGVector+Extensions.swift in Sources */,
				B5F992DD1D0FE5F6002A743D /* CGPoint+Extensions.swift in Sources */,
				B5F992DC1D0FE5F6002A743D /* CGFloat+Extensions.swift in Sources */,
				B572E3631D0F5F2A00EE9853 /* MSReferenceNode.swift in Sources */,
				B5F992E41D0FE5F6002A743D /* SKTAudio.swift in Sources */,
				B572E3271D0F48FA00EE9853 /* GameViewController.swift in Sources */,
				B5F992E31D0FE5F6002A743D /* SKNode+Extensions.swift in Sources */,
				B5F992E01D0FE5F6002A743D /* SKAction+Extensions.swift in Sources */,
				B5F992E11D0FE5F6002A743D /* SKAction+SpecialEffects.swift in Sources */,
				B572E3211D0F48FA00EE9853 /* AppDelegate.swift in Sources */,
				B57395B71D0F6E9000D99D68 /* MSButtonNode.swift in Sources */,
				B5F992E51D0FE5F6002A743D /* SKTEffects.swift in Sources */,
				B5F992DF1D0FE5F6002A743D /* Int+Extensions.swift in Sources */,
				B5F992E71D0FE5F6002A743D /* Vector3.swift in Sources */,
				B5F992E21D0FE5F6002A743D /* SKColor+Extensions.swift in Sources */,
			);
			runOnlyForDeploymentPostprocessing = 0;
		};
		B572E3311D0F48FA00EE9853 /* Sources */ = {
			isa = PBXSourcesBuildPhase;
			buildActionMask = 2147483647;
			files = (
				B572E33A1D0F48FA00EE9853 /* PeevedPenguinsTests.swift in Sources */,
			);
			runOnlyForDeploymentPostprocessing = 0;
		};
		B572E33C1D0F48FA00EE9853 /* Sources */ = {
			isa = PBXSourcesBuildPhase;
			buildActionMask = 2147483647;
			files = (
				B572E3451D0F48FA00EE9853 /* PeevedPenguinsUITests.swift in Sources */,
			);
			runOnlyForDeploymentPostprocessing = 0;
		};
/* End PBXSourcesBuildPhase section */

/* Begin PBXTargetDependency section */
		B572E3371D0F48FA00EE9853 /* PBXTargetDependency */ = {
			isa = PBXTargetDependency;
			target = B572E31C1D0F48FA00EE9853 /* PeevedPenguins */;
			targetProxy = B572E3361D0F48FA00EE9853 /* PBXContainerItemProxy */;
		};
		B572E3421D0F48FA00EE9853 /* PBXTargetDependency */ = {
			isa = PBXTargetDependency;
			target = B572E31C1D0F48FA00EE9853 /* PeevedPenguins */;
			targetProxy = B572E3411D0F48FA00EE9853 /* PBXContainerItemProxy */;
		};
/* End PBXTargetDependency section */

/* Begin PBXVariantGroup section */
		B572E3281D0F48FA00EE9853 /* Main.storyboard */ = {
			isa = PBXVariantGroup;
			children = (
				B572E3291D0F48FA00EE9853 /* Base */,
			);
			name = Main.storyboard;
			sourceTree = "<group>";
		};
		B572E32D1D0F48FA00EE9853 /* LaunchScreen.storyboard */ = {
			isa = PBXVariantGroup;
			children = (
				B572E32E1D0F48FA00EE9853 /* Base */,
			);
			name = LaunchScreen.storyboard;
			sourceTree = "<group>";
		};
/* End PBXVariantGroup section */

/* Begin XCBuildConfiguration section */
		B572E3471D0F48FA00EE9853 /* Debug */ = {
			isa = XCBuildConfiguration;
			buildSettings = {
				ALWAYS_SEARCH_USER_PATHS = NO;
				CLANG_ANALYZER_NONNULL = YES;
				CLANG_CXX_LANGUAGE_STANDARD = "gnu++0x";
				CLANG_CXX_LIBRARY = "libc++";
				CLANG_ENABLE_MODULES = YES;
				CLANG_ENABLE_OBJC_ARC = YES;
				CLANG_WARN_BOOL_CONVERSION = YES;
				CLANG_WARN_CONSTANT_CONVERSION = YES;
				CLANG_WARN_DIRECT_OBJC_ISA_USAGE = YES_ERROR;
				CLANG_WARN_EMPTY_BODY = YES;
				CLANG_WARN_ENUM_CONVERSION = YES;
				CLANG_WARN_INT_CONVERSION = YES;
				CLANG_WARN_OBJC_ROOT_CLASS = YES_ERROR;
				CLANG_WARN_UNREACHABLE_CODE = YES;
				CLANG_WARN__DUPLICATE_METHOD_MATCH = YES;
				"CODE_SIGN_IDENTITY[sdk=iphoneos*]" = "iPhone Developer";
				COPY_PHASE_STRIP = NO;
				DEBUG_INFORMATION_FORMAT = "dwarf-with-dsym";
				ENABLE_STRICT_OBJC_MSGSEND = YES;
				ENABLE_TESTABILITY = YES;
				GCC_C_LANGUAGE_STANDARD = gnu99;
				GCC_DYNAMIC_NO_PIC = NO;
				GCC_NO_COMMON_BLOCKS = YES;
				GCC_OPTIMIZATION_LEVEL = 0;
				GCC_PREPROCESSOR_DEFINITIONS = (
					"DEBUG=1",
					"$(inherited)",
				);
				GCC_WARN_64_TO_32_BIT_CONVERSION = YES;
				GCC_WARN_ABOUT_RETURN_TYPE = YES_ERROR;
				GCC_WARN_UNDECLARED_SELECTOR = YES;
				GCC_WARN_UNINITIALIZED_AUTOS = YES_AGGRESSIVE;
				GCC_WARN_UNUSED_FUNCTION = YES;
				GCC_WARN_UNUSED_VARIABLE = YES;
				IPHONEOS_DEPLOYMENT_TARGET = 9.3;
				MTL_ENABLE_DEBUG_INFO = YES;
				ONLY_ACTIVE_ARCH = YES;
				SDKROOT = iphoneos;
				SWIFT_OPTIMIZATION_LEVEL = "-Onone";
			};
			name = Debug;
		};
		B572E3481D0F48FA00EE9853 /* Release */ = {
			isa = XCBuildConfiguration;
			buildSettings = {
				ALWAYS_SEARCH_USER_PATHS = NO;
				CLANG_ANALYZER_NONNULL = YES;
				CLANG_CXX_LANGUAGE_STANDARD = "gnu++0x";
				CLANG_CXX_LIBRARY = "libc++";
				CLANG_ENABLE_MODULES = YES;
				CLANG_ENABLE_OBJC_ARC = YES;
				CLANG_WARN_BOOL_CONVERSION = YES;
				CLANG_WARN_CONSTANT_CONVERSION = YES;
				CLANG_WARN_DIRECT_OBJC_ISA_USAGE = YES_ERROR;
				CLANG_WARN_EMPTY_BODY = YES;
				CLANG_WARN_ENUM_CONVERSION = YES;
				CLANG_WARN_INT_CONVERSION = YES;
				CLANG_WARN_OBJC_ROOT_CLASS = YES_ERROR;
				CLANG_WARN_UNREACHABLE_CODE = YES;
				CLANG_WARN__DUPLICATE_METHOD_MATCH = YES;
				"CODE_SIGN_IDENTITY[sdk=iphoneos*]" = "iPhone Developer";
				COPY_PHASE_STRIP = NO;
				DEBUG_INFORMATION_FORMAT = "dwarf-with-dsym";
				ENABLE_NS_ASSERTIONS = NO;
				ENABLE_STRICT_OBJC_MSGSEND = YES;
				GCC_C_LANGUAGE_STANDARD = gnu99;
				GCC_NO_COMMON_BLOCKS = YES;
				GCC_WARN_64_TO_32_BIT_CONVERSION = YES;
				GCC_WARN_ABOUT_RETURN_TYPE = YES_ERROR;
				GCC_WARN_UNDECLARED_SELECTOR = YES;
				GCC_WARN_UNINITIALIZED_AUTOS = YES_AGGRESSIVE;
				GCC_WARN_UNUSED_FUNCTION = YES;
				GCC_WARN_UNUSED_VARIABLE = YES;
				IPHONEOS_DEPLOYMENT_TARGET = 9.3;
				MTL_ENABLE_DEBUG_INFO = NO;
				SDKROOT = iphoneos;
				VALIDATE_PRODUCT = YES;
			};
			name = Release;
		};
		B572E34A1D0F48FA00EE9853 /* Debug */ = {
			isa = XCBuildConfiguration;
			buildSettings = {
				ASSETCATALOG_COMPILER_APPICON_NAME = AppIcon;
				INFOPLIST_FILE = PeevedPenguins/Info.plist;
				LD_RUNPATH_SEARCH_PATHS = "$(inherited) @executable_path/Frameworks";
				PRODUCT_BUNDLE_IDENTIFIER = com.davichaves.PeevedPenguins;
				PRODUCT_NAME = "$(TARGET_NAME)";
			};
			name = Debug;
		};
		B572E34B1D0F48FA00EE9853 /* Release */ = {
			isa = XCBuildConfiguration;
			buildSettings = {
				ASSETCATALOG_COMPILER_APPICON_NAME = AppIcon;
				INFOPLIST_FILE = PeevedPenguins/Info.plist;
				LD_RUNPATH_SEARCH_PATHS = "$(inherited) @executable_path/Frameworks";
				PRODUCT_BUNDLE_IDENTIFIER = com.davichaves.PeevedPenguins;
				PRODUCT_NAME = "$(TARGET_NAME)";
			};
			name = Release;
		};
		B572E34D1D0F48FA00EE9853 /* Debug */ = {
			isa = XCBuildConfiguration;
			buildSettings = {
				BUNDLE_LOADER = "$(TEST_HOST)";
				DEBUG_INFORMATION_FORMAT = dwarf;
				INFOPLIST_FILE = PeevedPenguinsTests/Info.plist;
				LD_RUNPATH_SEARCH_PATHS = "$(inherited) @executable_path/Frameworks @loader_path/Frameworks";
				PRODUCT_BUNDLE_IDENTIFIER = com.davichaves.PeevedPenguinsTests;
				PRODUCT_NAME = "$(TARGET_NAME)";
				TEST_HOST = "$(BUILT_PRODUCTS_DIR)/PeevedPenguins.app/PeevedPenguins";
			};
			name = Debug;
		};
		B572E34E1D0F48FA00EE9853 /* Release */ = {
			isa = XCBuildConfiguration;
			buildSettings = {
				BUNDLE_LOADER = "$(TEST_HOST)";
				INFOPLIST_FILE = PeevedPenguinsTests/Info.plist;
				LD_RUNPATH_SEARCH_PATHS = "$(inherited) @executable_path/Frameworks @loader_path/Frameworks";
				PRODUCT_BUNDLE_IDENTIFIER = com.davichaves.PeevedPenguinsTests;
				PRODUCT_NAME = "$(TARGET_NAME)";
				TEST_HOST = "$(BUILT_PRODUCTS_DIR)/PeevedPenguins.app/PeevedPenguins";
			};
			name = Release;
		};
		B572E3501D0F48FA00EE9853 /* Debug */ = {
			isa = XCBuildConfiguration;
			buildSettings = {
				DEBUG_INFORMATION_FORMAT = dwarf;
				INFOPLIST_FILE = PeevedPenguinsUITests/Info.plist;
				LD_RUNPATH_SEARCH_PATHS = "$(inherited) @executable_path/Frameworks @loader_path/Frameworks";
				PRODUCT_BUNDLE_IDENTIFIER = com.davichaves.PeevedPenguinsUITests;
				PRODUCT_NAME = "$(TARGET_NAME)";
				TEST_TARGET_NAME = PeevedPenguins;
			};
			name = Debug;
		};
		B572E3511D0F48FA00EE9853 /* Release */ = {
			isa = XCBuildConfiguration;
			buildSettings = {
				INFOPLIST_FILE = PeevedPenguinsUITests/Info.plist;
				LD_RUNPATH_SEARCH_PATHS = "$(inherited) @executable_path/Frameworks @loader_path/Frameworks";
				PRODUCT_BUNDLE_IDENTIFIER = com.davichaves.PeevedPenguinsUITests;
				PRODUCT_NAME = "$(TARGET_NAME)";
				TEST_TARGET_NAME = PeevedPenguins;
			};
			name = Release;
		};
/* End XCBuildConfiguration section */

/* Begin XCConfigurationList section */
		B572E3181D0F48FA00EE9853 /* Build configuration list for PBXProject "PeevedPenguins" */ = {
			isa = XCConfigurationList;
			buildConfigurations = (
				B572E3471D0F48FA00EE9853 /* Debug */,
				B572E3481D0F48FA00EE9853 /* Release */,
			);
			defaultConfigurationIsVisible = 0;
			defaultConfigurationName = Release;
		};
		B572E3491D0F48FA00EE9853 /* Build configuration list for PBXNativeTarget "PeevedPenguins" */ = {
			isa = XCConfigurationList;
			buildConfigurations = (
				B572E34A1D0F48FA00EE9853 /* Debug */,
				B572E34B1D0F48FA00EE9853 /* Release */,
			);
			defaultConfigurationIsVisible = 0;
			defaultConfigurationName = Release;
		};
		B572E34C1D0F48FA00EE9853 /* Build configuration list for PBXNativeTarget "PeevedPenguinsTests" */ = {
			isa = XCConfigurationList;
			buildConfigurations = (
				B572E34D1D0F48FA00EE9853 /* Debug */,
				B572E34E1D0F48FA00EE9853 /* Release */,
			);
			defaultConfigurationIsVisible = 0;
			defaultConfigurationName = Release;
		};
		B572E34F1D0F48FA00EE9853 /* Build configuration list for PBXNativeTarget "PeevedPenguinsUITests" */ = {
			isa = XCConfigurationList;
			buildConfigurations = (
				B572E3501D0F48FA00EE9853 /* Debug */,
				B572E3511D0F48FA00EE9853 /* Release */,
			);
			defaultConfigurationIsVisible = 0;
			defaultConfigurationName = Release;
		};
/* End XCConfigurationList section */
	};
	rootObject = B572E3151D0F48FA00EE9853 /* Project object */;
}
